// !$*UTF8*$!
{
	archiveVersion = 1;
	classes = {
	};
	objectVersion = 77;
	objects = {

/* Begin PBXBuildFile section */
		038A825D624FD674CFF91A6B /* ServiceBrowser.swift in Sources */ = {isa = PBXBuildFile; fileRef = 9DB7D93157EC2C0C0155F10B /* ServiceBrowser.swift */; };
		13829266D3FDA5B7DF5624EB /* LiveConnection.swift in Sources */ = {isa = PBXBuildFile; fileRef = 8DB2FD8AB82177E2C323E6C5 /* LiveConnection.swift */; };
		15B985EA901CD2AEA2D320B5 /* MIDIOut.swift in Sources */ = {isa = PBXBuildFile; fileRef = F52489F3566DABF3F9D1A54D /* MIDIOut.swift */; };
		172ADA5C4AF01C2D4457F9BB /* DevicesView.swift in Sources */ = {isa = PBXBuildFile; fileRef = 093EAD73ED50C9A854225AE2 /* DevicesView.swift */; };
		4AA28E23BF92EC5542CC9049 /* BrowserView.swift in Sources */ = {isa = PBXBuildFile; fileRef = 4E75649BC5D881155454C0D2 /* BrowserView.swift */; };
		594CAB2BFC3D6CBFCEAE8D1D /* SessionView.swift in Sources */ = {isa = PBXBuildFile; fileRef = FF0AC644BE19FA6ED4A6EB9A /* SessionView.swift */; };
		5B90A1C8964294F3658BC5DF /* SetupView.swift in Sources */ = {isa = PBXBuildFile; fileRef = 6CE0C4E186B80DD4580DBA43 /* SetupView.swift */; };
		6AD3325C758A67DC379DA18B /* Models.swift in Sources */ = {isa = PBXBuildFile; fileRef = 462B8B6BD3D0CCD5C933082E /* Models.swift */; };
		6D28422B9C5DAB455E23293A /* LiveStore.swift in Sources */ = {isa = PBXBuildFile; fileRef = 19001AD5A6CEA955B1C5A8D4 /* LiveStore.swift */; };
		72CECE18FA5E1D48B5C513B2 /* RootView.swift in Sources */ = {isa = PBXBuildFile; fileRef = 0036AC678AAAED765E511F30 /* RootView.swift */; };
		956D0294E87A56E77D2F3E36 /* SequencerView.swift in Sources */ = {isa = PBXBuildFile; fileRef = 393373EF318FD586C9C211F7 /* SequencerView.swift */; };
		A34B4A92196CC0A18891F620 /* PrivacyInfo.xcprivacy in Resources */ = {isa = PBXBuildFile; fileRef = 4CD9D22E69E4CF6D47877430 /* PrivacyInfo.xcprivacy */; };
		A7B9972C8BBB570DCB9C138C /* MixerView.swift in Sources */ = {isa = PBXBuildFile; fileRef = E95CC5EA9050F1FEC376CF08 /* MixerView.swift */; };
		B42A7B28C05C48DB1F9D6809 /* ConductorApp.swift in Sources */ = {isa = PBXBuildFile; fileRef = AE4B998A3E53CBEA854E33CD /* ConductorApp.swift */; };
		C1B96080EF5A90DE4EA82762 /* PadSurface.swift in Sources */ = {isa = PBXBuildFile; fileRef = E97CA2D016AC5BBF1BB54099 /* PadSurface.swift */; };
		C5E3D68F71E187D4F11557AD /* Controls.swift in Sources */ = {isa = PBXBuildFile; fileRef = 72A215AB41544FC935918DCB /* Controls.swift */; };
		CCD8156C806C4F0D394585A0 /* Assets.xcassets in Resources */ = {isa = PBXBuildFile; fileRef = 6CF4059610D4F1DF83709373 /* Assets.xcassets */; };
		D42586E7E6530C5C6A317AC0 /* Music.swift in Sources */ = {isa = PBXBuildFile; fileRef = CC1688250A4CAF6B3D78F006 /* Music.swift */; };
		DEF614850685553E7E34C096 /* LockViews.swift in Sources */ = {isa = PBXBuildFile; fileRef = A599524EBA0AAB1615EF6E36 /* LockViews.swift */; };
		F62D77FBEF6C1001246F9F43 /* PlayView.swift in Sources */ = {isa = PBXBuildFile; fileRef = 34FB389E84FBEC4552F686E7 /* PlayView.swift */; };
/* End PBXBuildFile section */

/* Begin PBXFileReference section */
		0036AC678AAAED765E511F30 /* RootView.swift */ = {isa = PBXFileReference; lastKnownFileType = sourcecode.swift; path = RootView.swift; sourceTree = "<group>"; };
		093EAD73ED50C9A854225AE2 /* DevicesView.swift */ = {isa = PBXFileReference; lastKnownFileType = sourcecode.swift; path = DevicesView.swift; sourceTree = "<group>"; };
		19001AD5A6CEA955B1C5A8D4 /* LiveStore.swift */ = {isa = PBXFileReference; lastKnownFileType = sourcecode.swift; path = LiveStore.swift; sourceTree = "<group>"; };
		2FD033008CD2225DC1DA57D6 /* Info.plist */ = {isa = PBXFileReference; lastKnownFileType = text.plist; path = Info.plist; sourceTree = "<group>"; };
		33E8C10033A716B98F10ECB9 /* Conductor.app */ = {isa = PBXFileReference; includeInIndex = 0; lastKnownFileType = wrapper.application; path = Conductor.app; sourceTree = BUILT_PRODUCTS_DIR; };
		34FB389E84FBEC4552F686E7 /* PlayView.swift */ = {isa = PBXFileReference; lastKnownFileType = sourcecode.swift; path = PlayView.swift; sourceTree = "<group>"; };
		393373EF318FD586C9C211F7 /* SequencerView.swift */ = {isa = PBXFileReference; lastKnownFileType = sourcecode.swift; path = SequencerView.swift; sourceTree = "<group>"; };
		462B8B6BD3D0CCD5C933082E /* Models.swift */ = {isa = PBXFileReference; lastKnownFileType = sourcecode.swift; path = Models.swift; sourceTree = "<group>"; };
		4CD9D22E69E4CF6D47877430 /* PrivacyInfo.xcprivacy */ = {isa = PBXFileReference; path = PrivacyInfo.xcprivacy; sourceTree = "<group>"; };
		4E75649BC5D881155454C0D2 /* BrowserView.swift */ = {isa = PBXFileReference; lastKnownFileType = sourcecode.swift; path = BrowserView.swift; sourceTree = "<group>"; };
		6CE0C4E186B80DD4580DBA43 /* SetupView.swift */ = {isa = PBXFileReference; lastKnownFileType = sourcecode.swift; path = SetupView.swift; sourceTree = "<group>"; };
		6CF4059610D4F1DF83709373 /* Assets.xcassets */ = {isa = PBXFileReference; lastKnownFileType = folder.assetcatalog; path = Assets.xcassets; sourceTree = "<group>"; };
		72A215AB41544FC935918DCB /* Controls.swift */ = {isa = PBXFileReference; lastKnownFileType = sourcecode.swift; path = Controls.swift; sourceTree = "<group>"; };
		8DB2FD8AB82177E2C323E6C5 /* LiveConnection.swift */ = {isa = PBXFileReference; lastKnownFileType = sourcecode.swift; path = LiveConnection.swift; sourceTree = "<group>"; };
		9DB7D93157EC2C0C0155F10B /* ServiceBrowser.swift */ = {isa = PBXFileReference; lastKnownFileType = sourcecode.swift; path = ServiceBrowser.swift; sourceTree = "<group>"; };
		A599524EBA0AAB1615EF6E36 /* LockViews.swift */ = {isa = PBXFileReference; lastKnownFileType = sourcecode.swift; path = LockViews.swift; sourceTree = "<group>"; };
		AE4B998A3E53CBEA854E33CD /* ConductorApp.swift */ = {isa = PBXFileReference; lastKnownFileType = sourcecode.swift; path = ConductorApp.swift; sourceTree = "<group>"; };
		CC1688250A4CAF6B3D78F006 /* Music.swift */ = {isa = PBXFileReference; lastKnownFileType = sourcecode.swift; path = Music.swift; sourceTree = "<group>"; };
		E95CC5EA9050F1FEC376CF08 /* MixerView.swift */ = {isa = PBXFileReference; lastKnownFileType = sourcecode.swift; path = MixerView.swift; sourceTree = "<group>"; };
		E97CA2D016AC5BBF1BB54099 /* PadSurface.swift */ = {isa = PBXFileReference; lastKnownFileType = sourcecode.swift; path = PadSurface.swift; sourceTree = "<group>"; };
		F52489F3566DABF3F9D1A54D /* MIDIOut.swift */ = {isa = PBXFileReference; lastKnownFileType = sourcecode.swift; path = MIDIOut.swift; sourceTree = "<group>"; };
		FF0AC644BE19FA6ED4A6EB9A /* SessionView.swift */ = {isa = PBXFileReference; lastKnownFileType = sourcecode.swift; path = SessionView.swift; sourceTree = "<group>"; };
/* End PBXFileReference section */

/* Begin PBXGroup section */
		0E0287BF63F8202447976F21 /* Views */ = {
			isa = PBXGroup;
			children = (
				4E75649BC5D881155454C0D2 /* BrowserView.swift */,
				72A215AB41544FC935918DCB /* Controls.swift */,
				093EAD73ED50C9A854225AE2 /* DevicesView.swift */,
				A599524EBA0AAB1615EF6E36 /* LockViews.swift */,
				E95CC5EA9050F1FEC376CF08 /* MixerView.swift */,
				E97CA2D016AC5BBF1BB54099 /* PadSurface.swift */,
				34FB389E84FBEC4552F686E7 /* PlayView.swift */,
				0036AC678AAAED765E511F30 /* RootView.swift */,
				393373EF318FD586C9C211F7 /* SequencerView.swift */,
				FF0AC644BE19FA6ED4A6EB9A /* SessionView.swift */,
				6CE0C4E186B80DD4580DBA43 /* SetupView.swift */,
			);
			path = Views;
			sourceTree = "<group>";
		};
		5ECD817E09D3A8CBBF8971EC = {
			isa = PBXGroup;
			children = (
				699CCDFE93348CB6C52C00FD /* Conductor */,
				90DB0DC41DFD7CB77107A730 /* Products */,
			);
			sourceTree = "<group>";
		};
		699CCDFE93348CB6C52C00FD /* Conductor */ = {
			isa = PBXGroup;
			children = (
				6CF4059610D4F1DF83709373 /* Assets.xcassets */,
				2FD033008CD2225DC1DA57D6 /* Info.plist */,
				4CD9D22E69E4CF6D47877430 /* PrivacyInfo.xcprivacy */,
				F6B080543A5922DFDB9EBA20 /* App */,
				BA425EF50CF39842D414586E /* Model */,
				CBB8E3BE49FDE6E6BA93B769 /* Net */,
				0E0287BF63F8202447976F21 /* Views */,
			);
			path = Conductor;
			sourceTree = "<group>";
		};
		90DB0DC41DFD7CB77107A730 /* Products */ = {
			isa = PBXGroup;
			children = (
				33E8C10033A716B98F10ECB9 /* Conductor.app */,
			);
			name = Products;
			sourceTree = "<group>";
		};
		BA425EF50CF39842D414586E /* Model */ = {
			isa = PBXGroup;
			children = (
				19001AD5A6CEA955B1C5A8D4 /* LiveStore.swift */,
				462B8B6BD3D0CCD5C933082E /* Models.swift */,
				CC1688250A4CAF6B3D78F006 /* Music.swift */,
			);
			path = Model;
			sourceTree = "<group>";
		};
		CBB8E3BE49FDE6E6BA93B769 /* Net */ = {
			isa = PBXGroup;
			children = (
				8DB2FD8AB82177E2C323E6C5 /* LiveConnection.swift */,
				F52489F3566DABF3F9D1A54D /* MIDIOut.swift */,
				9DB7D93157EC2C0C0155F10B /* ServiceBrowser.swift */,
			);
			path = Net;
			sourceTree = "<group>";
		};
		F6B080543A5922DFDB9EBA20 /* App */ = {
			isa = PBXGroup;
			children = (
				AE4B998A3E53CBEA854E33CD /* ConductorApp.swift */,
			);
			path = App;
			sourceTree = "<group>";
		};
/* End PBXGroup section */

/* Begin PBXNativeTarget section */
		3CB839982A2ACEF6F28983E5 /* Conductor */ = {
			isa = PBXNativeTarget;
			buildConfigurationList = 0FC66D382DBDD4D862E86C7C /* Build configuration list for PBXNativeTarget "Conductor" */;
			buildPhases = (
				90771E61A22658E9FE0F4843 /* Bundle remote script */,
				5014C51B3C55F06269359607 /* Sources */,
				2F981A38394C6CB2E7104CC6 /* Resources */,
			);
			buildRules = (
			);
			dependencies = (
			);
			name = Conductor;
			packageProductDependencies = (
			);
			productName = Conductor;
			productReference = 33E8C10033A716B98F10ECB9 /* Conductor.app */;
			productType = "com.apple.product-type.application";
		};
/* End PBXNativeTarget section */

/* Begin PBXProject section */
		1973436866A6F0BC52F68DC8 /* Project object */ = {
			isa = PBXProject;
			attributes = {
				BuildIndependentTargetsInParallel = YES;
				LastUpgradeCheck = 1430;
				TargetAttributes = {
					3CB839982A2ACEF6F28983E5 = {
						DevelopmentTeam = N86L59CTP6;
						ProvisioningStyle = Automatic;
					};
				};
			};
			buildConfigurationList = 564A5101C844129075A52976 /* Build configuration list for PBXProject "Conductor" */;
			developmentRegion = en;
			hasScannedForEncodings = 0;
			knownRegions = (
				Base,
				en,
			);
			mainGroup = 5ECD817E09D3A8CBBF8971EC;
			minimizedProjectReferenceProxies = 1;
			preferredProjectObjectVersion = 77;
			productRefGroup = 90DB0DC41DFD7CB77107A730 /* Products */;
			projectDirPath = "";
			projectRoot = "";
			targets = (
				3CB839982A2ACEF6F28983E5 /* Conductor */,
			);
		};
/* End PBXProject section */

/* Begin PBXResourcesBuildPhase section */
		2F981A38394C6CB2E7104CC6 /* Resources */ = {
			isa = PBXResourcesBuildPhase;
			buildActionMask = 2147483647;
			files = (
				CCD8156C806C4F0D394585A0 /* Assets.xcassets in Resources */,
				A34B4A92196CC0A18891F620 /* PrivacyInfo.xcprivacy in Resources */,
			);
			runOnlyForDeploymentPostprocessing = 0;
		};
/* End PBXResourcesBuildPhase section */

/* Begin PBXShellScriptBuildPhase section */
		90771E61A22658E9FE0F4843 /* Bundle remote script */ = {
			isa = PBXShellScriptBuildPhase;
			buildActionMask = 2147483647;
			files = (
			);
			inputFileListPaths = (
			);
			inputPaths = (
				"$(SRCROOT)/../RemoteScript/Conductor/Conductor.py",
				"$(SRCROOT)/../RemoteScript/Conductor/__init__.py",
			);
			name = "Bundle remote script";
			outputFileListPaths = (
			);
			outputPaths = (
				"$(BUILT_PRODUCTS_DIR)/$(UNLOCALIZED_RESOURCES_FOLDER_PATH)/ConductorRemoteScript.zip",
			);
			runOnlyForDeploymentPostprocessing = 0;
			shellPath = /bin/sh;
			shellScript = "set -e\nOUT=\"$BUILT_PRODUCTS_DIR/$UNLOCALIZED_RESOURCES_FOLDER_PATH/ConductorRemoteScript.zip\"\nTMP=\"$DERIVED_FILE_DIR/remote-script\"\nrm -rf \"$TMP\" && mkdir -p \"$TMP/Conductor\" \"$(dirname \"$OUT\")\"\ncp \"$SRCROOT/../RemoteScript/Conductor/Conductor.py\" \"$SRCROOT/../RemoteScript/Conductor/__init__.py\" \"$TMP/Conductor/\"\ncat > \"$TMP/Install Conductor.txt\" <<'TXT'\n1. Move the \"Conductor\" folder into:\n   ~/Music/Ableton/User Library/Remote Scripts\n   (create the \"Remote Scripts\" folder if it isn't there)\n2. Restart Ableton Live.\n3. In Live: Settings > Link, Tempo & MIDI > Control Surface: Conductor\n   (Input and Output: None).\n4. Open Conductor on your iPhone or iPad on the same Wi-Fi.\nTXT\nrm -f \"$OUT\"\ncd \"$TMP\" && /usr/bin/zip -qr \"$OUT\" Conductor \"Install Conductor.txt\"\n";
		};
/* End PBXShellScriptBuildPhase section */

/* Begin PBXSourcesBuildPhase section */
		5014C51B3C55F06269359607 /* Sources */ = {
			isa = PBXSourcesBuildPhase;
			buildActionMask = 2147483647;
			files = (
				4AA28E23BF92EC5542CC9049 /* BrowserView.swift in Sources */,
				B42A7B28C05C48DB1F9D6809 /* ConductorApp.swift in Sources */,
				C5E3D68F71E187D4F11557AD /* Controls.swift in Sources */,
				172ADA5C4AF01C2D4457F9BB /* DevicesView.swift in Sources */,
				13829266D3FDA5B7DF5624EB /* LiveConnection.swift in Sources */,
				6D28422B9C5DAB455E23293A /* LiveStore.swift in Sources */,
				DEF614850685553E7E34C096 /* LockViews.swift in Sources */,
				15B985EA901CD2AEA2D320B5 /* MIDIOut.swift in Sources */,
				A7B9972C8BBB570DCB9C138C /* MixerView.swift in Sources */,
				6AD3325C758A67DC379DA18B /* Models.swift in Sources */,
				D42586E7E6530C5C6A317AC0 /* Music.swift in Sources */,
				C1B96080EF5A90DE4EA82762 /* PadSurface.swift in Sources */,
				F62D77FBEF6C1001246F9F43 /* PlayView.swift in Sources */,
				72CECE18FA5E1D48B5C513B2 /* RootView.swift in Sources */,
				956D0294E87A56E77D2F3E36 /* SequencerView.swift in Sources */,
				038A825D624FD674CFF91A6B /* ServiceBrowser.swift in Sources */,
				594CAB2BFC3D6CBFCEAE8D1D /* SessionView.swift in Sources */,
				5B90A1C8964294F3658BC5DF /* SetupView.swift in Sources */,
			);
			runOnlyForDeploymentPostprocessing = 0;
		};
/* End PBXSourcesBuildPhase section */

/* Begin XCBuildConfiguration section */
		41D9883FF058BD0C9C8197D0 /* Debug */ = {
			isa = XCBuildConfiguration;
			buildSettings = {
				ALWAYS_SEARCH_USER_PATHS = NO;
				CLANG_ANALYZER_NONNULL = YES;
				CLANG_ANALYZER_NUMBER_OBJECT_CONVERSION = YES_AGGRESSIVE;
				CLANG_CXX_LANGUAGE_STANDARD = "gnu++14";
				CLANG_CXX_LIBRARY = "libc++";
				CLANG_ENABLE_MODULES = YES;
				CLANG_ENABLE_OBJC_ARC = YES;
				CLANG_ENABLE_OBJC_WEAK = YES;
				CLANG_WARN_BLOCK_CAPTURE_AUTORELEASING = YES;
				CLANG_WARN_BOOL_CONVERSION = YES;
				CLANG_WARN_COMMA = YES;
				CLANG_WARN_CONSTANT_CONVERSION = YES;
				CLANG_WARN_DEPRECATED_OBJC_IMPLEMENTATIONS = YES;
				CLANG_WARN_DIRECT_OBJC_ISA_USAGE = YES_ERROR;
				CLANG_WARN_DOCUMENTATION_COMMENTS = YES;
				CLANG_WARN_EMPTY_BODY = YES;
				CLANG_WARN_ENUM_CONVERSION = YES;
				CLANG_WARN_INFINITE_RECURSION = YES;
				CLANG_WARN_INT_CONVERSION = YES;
				CLANG_WARN_NON_LITERAL_NULL_CONVERSION = YES;
				CLANG_WARN_OBJC_IMPLICIT_RETAIN_SELF = YES;
				CLANG_WARN_OBJC_LITERAL_CONVERSION = YES;
				CLANG_WARN_OBJC_ROOT_CLASS = YES_ERROR;
				CLANG_WARN_QUOTED_INCLUDE_IN_FRAMEWORK_HEADER = YES;
				CLANG_WARN_RANGE_LOOP_ANALYSIS = YES;
				CLANG_WARN_STRICT_PROTOTYPES = YES;
				CLANG_WARN_SUSPICIOUS_MOVE = YES;
				CLANG_WARN_UNGUARDED_AVAILABILITY = YES_AGGRESSIVE;
				CLANG_WARN_UNREACHABLE_CODE = YES;
				CLANG_WARN__DUPLICATE_METHOD_MATCH = YES;
				COPY_PHASE_STRIP = NO;
				CURRENT_PROJECT_VERSION = 1;
				DEBUG_INFORMATION_FORMAT = dwarf;
				ENABLE_STRICT_OBJC_MSGSEND = YES;
				ENABLE_TESTABILITY = YES;
				GCC_C_LANGUAGE_STANDARD = gnu11;
				GCC_DYNAMIC_NO_PIC = NO;
				GCC_NO_COMMON_BLOCKS = YES;
				GCC_OPTIMIZATION_LEVEL = 0;
				GCC_PREPROCESSOR_DEFINITIONS = (
					"$(inherited)",
					"DEBUG=1",
				);
				GCC_WARN_64_TO_32_BIT_CONVERSION = YES;
				GCC_WARN_ABOUT_RETURN_TYPE = YES_ERROR;
				GCC_WARN_UNDECLARED_SELECTOR = YES;
				GCC_WARN_UNINITIALIZED_AUTOS = YES_AGGRESSIVE;
				GCC_WARN_UNUSED_FUNCTION = YES;
				GCC_WARN_UNUSED_VARIABLE = YES;
				IPHONEOS_DEPLOYMENT_TARGET = 18.0;
				MARKETING_VERSION = 1.0;
				MTL_ENABLE_DEBUG_INFO = INCLUDE_SOURCE;
				MTL_FAST_MATH = YES;
				ONLY_ACTIVE_ARCH = YES;
				PRODUCT_NAME = "$(TARGET_NAME)";
				SDKROOT = iphoneos;
				SWIFT_ACTIVE_COMPILATION_CONDITIONS = DEBUG;
				SWIFT_OPTIMIZATION_LEVEL = "-Onone";
				SWIFT_VERSION = 5.0;
			};
			name = Debug;
		};
		5B588091692A05BF58F42DF8 /* Debug */ = {
			isa = XCBuildConfiguration;
			buildSettings = {
				ASSETCATALOG_COMPILER_APPICON_NAME = AppIcon;
				CODE_SIGN_IDENTITY = "iPhone Developer";
				CODE_SIGN_STYLE = Automatic;
				DEVELOPMENT_TEAM = N86L59CTP6;
				ENABLE_USER_SCRIPT_SANDBOXING = NO;
				GENERATE_INFOPLIST_FILE = YES;
				INFOPLIST_FILE = Conductor/Info.plist;
				INFOPLIST_KEY_CFBundleDisplayName = Conductor;
				INFOPLIST_KEY_NSLocalNetworkUsageDescription = "Conductor connects to Ableton Live on your local network.";
				INFOPLIST_KEY_UIApplicationSupportsIndirectInputEvents = YES;
				INFOPLIST_KEY_UILaunchScreen_Generation = YES;
				INFOPLIST_KEY_UIStatusBarHidden = YES;
				INFOPLIST_KEY_UISupportedInterfaceOrientations_iPad = "UIInterfaceOrientationLandscapeLeft UIInterfaceOrientationLandscapeRight UIInterfaceOrientationPortrait UIInterfaceOrientationPortraitUpsideDown";
				INFOPLIST_KEY_UISupportedInterfaceOrientations_iPhone = "UIInterfaceOrientationLandscapeLeft UIInterfaceOrientationLandscapeRight UIInterfaceOrientationPortrait";
				LD_RUNPATH_SEARCH_PATHS = (
					"$(inherited)",
					"@executable_path/Frameworks",
				);
				PRODUCT_BUNDLE_IDENTIFIER = com.mhirst.conductor;
				SDKROOT = iphoneos;
				TARGETED_DEVICE_FAMILY = "1,2";
			};
			name = Debug;
		};
		8B1F696C90B052170745F92B /* Release */ = {
			isa = XCBuildConfiguration;
			buildSettings = {
				ASSETCATALOG_COMPILER_APPICON_NAME = AppIcon;
				CODE_SIGN_IDENTITY = "iPhone Developer";
				CODE_SIGN_STYLE = Automatic;
				DEVELOPMENT_TEAM = N86L59CTP6;
				ENABLE_USER_SCRIPT_SANDBOXING = NO;
				GENERATE_INFOPLIST_FILE = YES;
				INFOPLIST_FILE = Conductor/Info.plist;
				INFOPLIST_KEY_CFBundleDisplayName = Conductor;
				INFOPLIST_KEY_NSLocalNetworkUsageDescription = "Conductor connects to Ableton Live on your local network.";
				INFOPLIST_KEY_UIApplicationSupportsIndirectInputEvents = YES;
				INFOPLIST_KEY_UILaunchScreen_Generation = YES;
				INFOPLIST_KEY_UIStatusBarHidden = YES;
				INFOPLIST_KEY_UISupportedInterfaceOrientations_iPad = "UIInterfaceOrientationLandscapeLeft UIInterfaceOrientationLandscapeRight UIInterfaceOrientationPortrait UIInterfaceOrientationPortraitUpsideDown";
				INFOPLIST_KEY_UISupportedInterfaceOrientations_iPhone = "UIInterfaceOrientationLandscapeLeft UIInterfaceOrientationLandscapeRight UIInterfaceOrientationPortrait";
				LD_RUNPATH_SEARCH_PATHS = (
					"$(inherited)",
					"@executable_path/Frameworks",
				);
				PRODUCT_BUNDLE_IDENTIFIER = com.mhirst.conductor;
				SDKROOT = iphoneos;
				TARGETED_DEVICE_FAMILY = "1,2";
			};
			name = Release;
		};
		CD346818236F4B69A5AC9C81 /* Release */ = {
			isa = XCBuildConfiguration;
			buildSettings = {
				ALWAYS_SEARCH_USER_PATHS = NO;
				CLANG_ANALYZER_NONNULL = YES;
				CLANG_ANALYZER_NUMBER_OBJECT_CONVERSION = YES_AGGRESSIVE;
				CLANG_CXX_LANGUAGE_STANDARD = "gnu++14";
				CLANG_CXX_LIBRARY = "libc++";
				CLANG_ENABLE_MODULES = YES;
				CLANG_ENABLE_OBJC_ARC = YES;
				CLANG_ENABLE_OBJC_WEAK = YES;
				CLANG_WARN_BLOCK_CAPTURE_AUTORELEASING = YES;
				CLANG_WARN_BOOL_CONVERSION = YES;
				CLANG_WARN_COMMA = YES;
				CLANG_WARN_CONSTANT_CONVERSION = YES;
				CLANG_WARN_DEPRECATED_OBJC_IMPLEMENTATIONS = YES;
				CLANG_WARN_DIRECT_OBJC_ISA_USAGE = YES_ERROR;
				CLANG_WARN_DOCUMENTATION_COMMENTS = YES;
				CLANG_WARN_EMPTY_BODY = YES;
				CLANG_WARN_ENUM_CONVERSION = YES;
				CLANG_WARN_INFINITE_RECURSION = YES;
				CLANG_WARN_INT_CONVERSION = YES;
				CLANG_WARN_NON_LITERAL_NULL_CONVERSION = YES;
				CLANG_WARN_OBJC_IMPLICIT_RETAIN_SELF = YES;
				CLANG_WARN_OBJC_LITERAL_CONVERSION = YES;
				CLANG_WARN_OBJC_ROOT_CLASS = YES_ERROR;
				CLANG_WARN_QUOTED_INCLUDE_IN_FRAMEWORK_HEADER = YES;
				CLANG_WARN_RANGE_LOOP_ANALYSIS = YES;
				CLANG_WARN_STRICT_PROTOTYPES = YES;
				CLANG_WARN_SUSPICIOUS_MOVE = YES;
				CLANG_WARN_UNGUARDED_AVAILABILITY = YES_AGGRESSIVE;
				CLANG_WARN_UNREACHABLE_CODE = YES;
				CLANG_WARN__DUPLICATE_METHOD_MATCH = YES;
				COPY_PHASE_STRIP = NO;
				CURRENT_PROJECT_VERSION = 1;
				DEBUG_INFORMATION_FORMAT = "dwarf-with-dsym";
				ENABLE_NS_ASSERTIONS = NO;
				ENABLE_STRICT_OBJC_MSGSEND = YES;
				GCC_C_LANGUAGE_STANDARD = gnu11;
				GCC_NO_COMMON_BLOCKS = YES;
				GCC_WARN_64_TO_32_BIT_CONVERSION = YES;
				GCC_WARN_ABOUT_RETURN_TYPE = YES_ERROR;
				GCC_WARN_UNDECLARED_SELECTOR = YES;
				GCC_WARN_UNINITIALIZED_AUTOS = YES_AGGRESSIVE;
				GCC_WARN_UNUSED_FUNCTION = YES;
				GCC_WARN_UNUSED_VARIABLE = YES;
				IPHONEOS_DEPLOYMENT_TARGET = 18.0;
				MARKETING_VERSION = 1.0;
				MTL_ENABLE_DEBUG_INFO = NO;
				MTL_FAST_MATH = YES;
				PRODUCT_NAME = "$(TARGET_NAME)";
				SDKROOT = iphoneos;
				SWIFT_COMPILATION_MODE = wholemodule;
				SWIFT_OPTIMIZATION_LEVEL = "-O";
				SWIFT_VERSION = 5.0;
			};
			name = Release;
		};
/* End XCBuildConfiguration section */

/* Begin XCConfigurationList section */
		0FC66D382DBDD4D862E86C7C /* Build configuration list for PBXNativeTarget "Conductor" */ = {
			isa = XCConfigurationList;
			buildConfigurations = (
				5B588091692A05BF58F42DF8 /* Debug */,
				8B1F696C90B052170745F92B /* Release */,
			);
			defaultConfigurationIsVisible = 0;
			defaultConfigurationName = Debug;
		};
		564A5101C844129075A52976 /* Build configuration list for PBXProject "Conductor" */ = {
			isa = XCConfigurationList;
			buildConfigurations = (
				41D9883FF058BD0C9C8197D0 /* Debug */,
				CD346818236F4B69A5AC9C81 /* Release */,
			);
			defaultConfigurationIsVisible = 0;
			defaultConfigurationName = Debug;
		};
/* End XCConfigurationList section */
	};
	rootObject = 1973436866A6F0BC52F68DC8 /* Project object */;
}
